Microsoft Visual Studio Solution File, Format Version 12.00
# Visual Studio Version 17
VisualStudioVersion = 17.5.2.0
MinimumVisualStudioVersion = 10.0.40219.1
Project("{FAE04EC0-301F-11D3-BF4B-00C04F79EFBC}") = "Savings_Calculator_Wasm", "Savings_Calculator_Wasm.csproj", "{45DE1DC3-A64F-52C0-DF79-D4C9CE1E17C0}"
EndProject
Global
	GlobalSection(SolutionConfigurationPlatforms) = preSolution
		Debug|Any CPU = Debug|Any CPU
		Release|Any CPU = Release|Any CPU
	EndGlobalSection
	GlobalSection(ProjectConfigurationPlatforms) = postSolution
		{45DE1DC3-A64F-52C0-DF79-D4C9CE1E17C0}.Debug|Any CPU.ActiveCfg = Debug|Any CPU
		{45DE1DC3-A64F-52C0-DF79-D4C9CE1E17C0}.Debug|Any CPU.Build.0 = Debug|Any CPU
		{45DE1DC3-A64F-52C0-DF79-D4C9CE1E17C0}.Release|Any CPU.ActiveCfg = Release|Any CPU
		{45DE1DC3-A64F-52C0-DF79-D4C9CE1E17C0}.Release|Any CPU.Build.0 = Release|Any CPU
	EndGlobalSection
	GlobalSection(SolutionProperties) = preSolution
		HideSolutionNode = FALSE
	EndGlobalSection
	GlobalSection(ExtensibilityGlobals) = postSolution
		SolutionGuid = {8B4C3FC9-0923-4661-8E92-B6E5CA911436}
	EndGlobalSection
EndGlobal
